
Microsoft Visual Studio Solution File, Format Version 12.00
# Visual Studio Version 17
VisualStudioVersion = 17.6.33815.320
MinimumVisualStudioVersion = 10.0.40219.1
Project("{FAE04EC0-301F-11D3-BF4B-00C04F79EFBC}") = "LibraryManagmentSystem", "LibraryManagmentSystem\LibraryManagmentSystem.csproj", "{49986540-7BB3-4D50-BE63-D0B0A9AC805C}"
EndProject
Global
	GlobalSection(SolutionConfigurationPlatforms) = preSolution
		Debug|Any CPU = Debug|Any CPU
		Release|Any CPU = Release|Any CPU
	EndGlobalSection
	GlobalSection(ProjectConfigurationPlatforms) = postSolution
		{49986540-7BB3-4D50-BE63-D0B0A9AC805C}.Debug|Any CPU.ActiveCfg = Debug|Any CPU
		{49986540-7BB3-4D50-BE63-D0B0A9AC805C}.Debug|Any CPU.Build.0 = Debug|Any CPU
		{49986540-7BB3-4D50-BE63-D0B0A9AC805C}.Release|Any CPU.ActiveCfg = Release|Any CPU
		{49986540-7BB3-4D50-BE63-D0B0A9AC805C}.Release|Any CPU.Build.0 = Release|Any CPU
	EndGlobalSection
	GlobalSection(SolutionProperties) = preSolution
		HideSolutionNode = FALSE
	EndGlobalSection
	GlobalSection(ExtensibilityGlobals) = postSolution
		SolutionGuid = {EFE3B6E2-A937-4173-976B-6304FB36A3EF}
	EndGlobalSection
EndGlobal
